# THIS IS AN AUTOGENERATED FILE. DO NOT EDIT THIS FILE DIRECTLY.
# yarn lockfile v1


"@types/css-tree@*":
  version "1.0.7"
  resolved "https://registry.npmjs.org/@types/css-tree/-/css-tree-1.0.7.tgz"
  integrity sha512-Pz+DfVODpQTAV6PwPBK6kzyy7+f6EyPbr1+mYkc1YolJfl2NAJ4wbg0TC/AJPBsqn9jWfyiO19A/sgpvFLfqnw==

"@types/csso@^5.0.0":
  version "5.0.0"
  resolved "https://registry.npmjs.org/@types/csso/-/csso-5.0.0.tgz"
  integrity sha512-EMrCTGpXRUsbFfZBzn2jcW6Sqg8kxWXkJcpvAGYSEzFqAJ2THDJSwiMeS2fPUw+0p6RQNT/n8F/skEc9hUBc0g==
  dependencies:
    "@types/css-tree" "*"

"@types/node@^17.0.8":
  version "17.0.8"
  resolved "https://registry.npmjs.org/@types/node/-/node-17.0.8.tgz"
  integrity sha512-YofkM6fGv4gDJq78g4j0mMuGMkZVxZDgtU0JRdx6FgiJDG+0fY0GKVolOV8WqVmEhLCXkQRjwDdKyPxJp/uucg==

typescript@^4.5.4:
  version "4.5.4"
  resolved "https://registry.npmjs.org/typescript/-/typescript-4.5.4.tgz"
  integrity sha512-VgYs2A2QIRuGphtzFV7aQJduJ2gyfTljngLzjpfW9FoYZF6xuw1W0vW9ghCKLfcWrCFxK81CSGRAvS1pn4fIUg==
